
Microsoft Visual Studio Solution File, Format Version 12.00
# Visual Studio Version 17
VisualStudioVersion = 17.0.32112.339
MinimumVisualStudioVersion = 10.0.40219.1
Project("{FAE04EC0-301F-11D3-BF4B-00C04F79EFBC}") = "Pila", "Pila\Pila.csproj", "{C5BBB7F3-78BA-4A20-8C40-710C34A5318E}"
EndProject
Global
	GlobalSection(SolutionConfigurationPlatforms) = preSolution
		Debug|Any CPU = Debug|Any CPU
		Release|Any CPU = Release|Any CPU
	EndGlobalSection
	GlobalSection(ProjectConfigurationPlatforms) = postSolution
		{C5BBB7F3-78BA-4A20-8C40-710C34A5318E}.Debug|Any CPU.ActiveCfg = Debug|Any CPU
		{C5BBB7F3-78BA-4A20-8C40-710C34A5318E}.Debug|Any CPU.Build.0 = Debug|Any CPU
		{C5BBB7F3-78BA-4A20-8C40-710C34A5318E}.Release|Any CPU.ActiveCfg = Release|Any CPU
		{C5BBB7F3-78BA-4A20-8C40-710C34A5318E}.Release|Any CPU.Build.0 = Release|Any CPU
	EndGlobalSection
	GlobalSection(SolutionProperties) = preSolution
		HideSolutionNode = FALSE
	EndGlobalSection
	GlobalSection(ExtensibilityGlobals) = postSolution
		SolutionGuid = {4678E309-F1F6-4247-BFB2-7F07CDE5D5E4}
	EndGlobalSection
EndGlobal
